
Microsoft Visual Studio Solution File, Format Version 12.00
# Visual Studio Version 16
VisualStudioVersion = 16.0.30011.22
MinimumVisualStudioVersion = 10.0.40219.1
Project("{FAE04EC0-301F-11D3-BF4B-00C04F79EFBC}") = "Dobbelsteen", "Dobbelsteen\Dobbelsteen.csproj", "{84134F4F-F4F6-4DEC-978B-7D39FDAE1A24}"
EndProject
Global
	GlobalSection(SolutionConfigurationPlatforms) = preSolution
		Debug|Any CPU = Debug|Any CPU
		Release|Any CPU = Release|Any CPU
	EndGlobalSection
	GlobalSection(ProjectConfigurationPlatforms) = postSolution
		{84134F4F-F4F6-4DEC-978B-7D39FDAE1A24}.Debug|Any CPU.ActiveCfg = Debug|Any CPU
		{84134F4F-F4F6-4DEC-978B-7D39FDAE1A24}.Debug|Any CPU.Build.0 = Debug|Any CPU
		{84134F4F-F4F6-4DEC-978B-7D39FDAE1A24}.Release|Any CPU.ActiveCfg = Release|Any CPU
		{84134F4F-F4F6-4DEC-978B-7D39FDAE1A24}.Release|Any CPU.Build.0 = Release|Any CPU
	EndGlobalSection
	GlobalSection(SolutionProperties) = preSolution
		HideSolutionNode = FALSE
	EndGlobalSection
	GlobalSection(ExtensibilityGlobals) = postSolution
		SolutionGuid = {4A271E86-1280-4666-97C6-930A3029F571}
	EndGlobalSection
EndGlobal
